
Microsoft Visual Studio Solution File, Format Version 12.00
# Visual Studio Version 17
VisualStudioVersion = 17.4.33103.184
MinimumVisualStudioVersion = 10.0.40219.1
Project("{FAE04EC0-301F-11D3-BF4B-00C04F79EFBC}") = "juegoAhorcado", "juegoAhorcado\juegoAhorcado.csproj", "{2C1854D6-B16F-4835-B22E-44F1BB4CD638}"
EndProject
Global
	GlobalSection(SolutionConfigurationPlatforms) = preSolution
		Debug|Any CPU = Debug|Any CPU
		Release|Any CPU = Release|Any CPU
	EndGlobalSection
	GlobalSection(ProjectConfigurationPlatforms) = postSolution
		{2C1854D6-B16F-4835-B22E-44F1BB4CD638}.Debug|Any CPU.ActiveCfg = Debug|Any CPU
		{2C1854D6-B16F-4835-B22E-44F1BB4CD638}.Debug|Any CPU.Build.0 = Debug|Any CPU
		{2C1854D6-B16F-4835-B22E-44F1BB4CD638}.Release|Any CPU.ActiveCfg = Release|Any CPU
		{2C1854D6-B16F-4835-B22E-44F1BB4CD638}.Release|Any CPU.Build.0 = Release|Any CPU
	EndGlobalSection
	GlobalSection(SolutionProperties) = preSolution
		HideSolutionNode = FALSE
	EndGlobalSection
	GlobalSection(ExtensibilityGlobals) = postSolution
		SolutionGuid = {EBC3DBF4-904B-42FB-8104-DB5E004BE03B}
	EndGlobalSection
EndGlobal
